
Microsoft Visual Studio Solution File, Format Version 12.00
# Visual Studio Version 17
VisualStudioVersion = 17.2.32526.322
MinimumVisualStudioVersion = 10.0.40219.1
Project("{FAE04EC0-301F-11D3-BF4B-00C04F79EFBC}") = "AlphaHRS", "AlphaHRS\AlphaHRS.csproj", "{63F8C8B9-471E-4F61-954A-30DD8E40A7A2}"
EndProject
Project("{FAE04EC0-301F-11D3-BF4B-00C04F79EFBC}") = "AlphaHRS.DAL", "AlphaHRS.Models\AlphaHRS.DAL.csproj", "{48247EC4-73EB-4831-8D13-1CCAA9AAC0D1}"
EndProject
Project("{FAE04EC0-301F-11D3-BF4B-00C04F79EFBC}") = "AlphaHRS.Intereface", "AlphaHRS.Intereface\AlphaHRS.Intereface.csproj", "{F6978CEE-3834-45ED-A8CE-56BABA491431}"
EndProject
Project("{FAE04EC0-301F-11D3-BF4B-00C04F79EFBC}") = "AlphaHRS.BL", "AlphaHRS.BL\AlphaHRS.BL.csproj", "{C07EB2D2-0799-48AA-BE34-3BF9326542F9}"
EndProject
Global
	GlobalSection(SolutionConfigurationPlatforms) = preSolution
		Debug|Any CPU = Debug|Any CPU
		Release|Any CPU = Release|Any CPU
	EndGlobalSection
	GlobalSection(ProjectConfigurationPlatforms) = postSolution
		{63F8C8B9-471E-4F61-954A-30DD8E40A7A2}.Debug|Any CPU.ActiveCfg = Debug|Any CPU
		{63F8C8B9-471E-4F61-954A-30DD8E40A7A2}.Debug|Any CPU.Build.0 = Debug|Any CPU
		{63F8C8B9-471E-4F61-954A-30DD8E40A7A2}.Release|Any CPU.ActiveCfg = Release|Any CPU
		{63F8C8B9-471E-4F61-954A-30DD8E40A7A2}.Release|Any CPU.Build.0 = Release|Any CPU
		{48247EC4-73EB-4831-8D13-1CCAA9AAC0D1}.Debug|Any CPU.ActiveCfg = Debug|Any CPU
		{48247EC4-73EB-4831-8D13-1CCAA9AAC0D1}.Debug|Any CPU.Build.0 = Debug|Any CPU
		{48247EC4-73EB-4831-8D13-1CCAA9AAC0D1}.Release|Any CPU.ActiveCfg = Release|Any CPU
		{48247EC4-73EB-4831-8D13-1CCAA9AAC0D1}.Release|Any CPU.Build.0 = Release|Any CPU
		{F6978CEE-3834-45ED-A8CE-56BABA491431}.Debug|Any CPU.ActiveCfg = Debug|Any CPU
		{F6978CEE-3834-45ED-A8CE-56BABA491431}.Debug|Any CPU.Build.0 = Debug|Any CPU
		{F6978CEE-3834-45ED-A8CE-56BABA491431}.Release|Any CPU.ActiveCfg = Release|Any CPU
		{F6978CEE-3834-45ED-A8CE-56BABA491431}.Release|Any CPU.Build.0 = Release|Any CPU
		{C07EB2D2-0799-48AA-BE34-3BF9326542F9}.Debug|Any CPU.ActiveCfg = Debug|Any CPU
		{C07EB2D2-0799-48AA-BE34-3BF9326542F9}.Debug|Any CPU.Build.0 = Debug|Any CPU
		{C07EB2D2-0799-48AA-BE34-3BF9326542F9}.Release|Any CPU.ActiveCfg = Release|Any CPU
		{C07EB2D2-0799-48AA-BE34-3BF9326542F9}.Release|Any CPU.Build.0 = Release|Any CPU
	EndGlobalSection
	GlobalSection(SolutionProperties) = preSolution
		HideSolutionNode = FALSE
	EndGlobalSection
	GlobalSection(ExtensibilityGlobals) = postSolution
		SolutionGuid = {AB7832FD-60EA-4AF5-BF58-46749715CFB2}
	EndGlobalSection
EndGlobal
