
Microsoft Visual Studio Solution File, Format Version 12.00
# Visual Studio Version 17
VisualStudioVersion = 17.2.32526.322
MinimumVisualStudioVersion = 10.0.40219.1
Project("{9A19103F-16F7-4668-BE54-9A1E7A4F7556}") = "AlphaHRM.Models", "AlphaHRM.Models\AlphaHRM.Models.csproj", "{A25903FE-A0EF-4549-A2C8-4070227482CD}"
EndProject
Project("{9A19103F-16F7-4668-BE54-9A1E7A4F7556}") = "AlphaHRM.BL", "AlphaHRM.BL\AlphaHRM.BL.csproj", "{411C8238-75C8-49A5-93D8-A4229CA9CC91}"
EndProject
Project("{9A19103F-16F7-4668-BE54-9A1E7A4F7556}") = "AlphaHRM.DAL.EF", "AlphaHRM.DAL.EF\AlphaHRM.DAL.EF.csproj", "{58BB4C5E-422E-4883-A88F-06F2A88FCD06}"
EndProject
Project("{9A19103F-16F7-4668-BE54-9A1E7A4F7556}") = "AlphaHRM.Intereface", "AlphaHRM.Intereface\AlphaHRM.Intereface.csproj", "{5851A353-4B5A-4842-B085-01FEA9119B61}"
EndProject
Project("{9A19103F-16F7-4668-BE54-9A1E7A4F7556}") = "AlphaHRM.WebApi", "AlphaHRM.WebApi\AlphaHRM.WebApi.csproj", "{00F63113-D94B-4018-8B9C-CA79B6E35556}"
EndProject
Project("{9A19103F-16F7-4668-BE54-9A1E7A4F7556}") = "AlphaHRM.Utilities", "AlphaHRM.Mapper\AlphaHRM.Utilities.csproj", "{B28D5338-5C08-4AC8-A8C5-2784591F9538}"
EndProject
Global
	GlobalSection(SolutionConfigurationPlatforms) = preSolution
		Debug|Any CPU = Debug|Any CPU
		Release|Any CPU = Release|Any CPU
	EndGlobalSection
	GlobalSection(ProjectConfigurationPlatforms) = postSolution
		{A25903FE-A0EF-4549-A2C8-4070227482CD}.Debug|Any CPU.ActiveCfg = Debug|Any CPU
		{A25903FE-A0EF-4549-A2C8-4070227482CD}.Debug|Any CPU.Build.0 = Debug|Any CPU
		{A25903FE-A0EF-4549-A2C8-4070227482CD}.Release|Any CPU.ActiveCfg = Release|Any CPU
		{A25903FE-A0EF-4549-A2C8-4070227482CD}.Release|Any CPU.Build.0 = Release|Any CPU
		{411C8238-75C8-49A5-93D8-A4229CA9CC91}.Debug|Any CPU.ActiveCfg = Debug|Any CPU
		{411C8238-75C8-49A5-93D8-A4229CA9CC91}.Debug|Any CPU.Build.0 = Debug|Any CPU
		{411C8238-75C8-49A5-93D8-A4229CA9CC91}.Release|Any CPU.ActiveCfg = Release|Any CPU
		{411C8238-75C8-49A5-93D8-A4229CA9CC91}.Release|Any CPU.Build.0 = Release|Any CPU
		{58BB4C5E-422E-4883-A88F-06F2A88FCD06}.Debug|Any CPU.ActiveCfg = Debug|Any CPU
		{58BB4C5E-422E-4883-A88F-06F2A88FCD06}.Debug|Any CPU.Build.0 = Debug|Any CPU
		{58BB4C5E-422E-4883-A88F-06F2A88FCD06}.Release|Any CPU.ActiveCfg = Release|Any CPU
		{58BB4C5E-422E-4883-A88F-06F2A88FCD06}.Release|Any CPU.Build.0 = Release|Any CPU
		{5851A353-4B5A-4842-B085-01FEA9119B61}.Debug|Any CPU.ActiveCfg = Debug|Any CPU
		{5851A353-4B5A-4842-B085-01FEA9119B61}.Debug|Any CPU.Build.0 = Debug|Any CPU
		{5851A353-4B5A-4842-B085-01FEA9119B61}.Release|Any CPU.ActiveCfg = Release|Any CPU
		{5851A353-4B5A-4842-B085-01FEA9119B61}.Release|Any CPU.Build.0 = Release|Any CPU
		{00F63113-D94B-4018-8B9C-CA79B6E35556}.Debug|Any CPU.ActiveCfg = Debug|Any CPU
		{00F63113-D94B-4018-8B9C-CA79B6E35556}.Debug|Any CPU.Build.0 = Debug|Any CPU
		{00F63113-D94B-4018-8B9C-CA79B6E35556}.Release|Any CPU.ActiveCfg = Release|Any CPU
		{00F63113-D94B-4018-8B9C-CA79B6E35556}.Release|Any CPU.Build.0 = Release|Any CPU
		{B28D5338-5C08-4AC8-A8C5-2784591F9538}.Debug|Any CPU.ActiveCfg = Debug|Any CPU
		{B28D5338-5C08-4AC8-A8C5-2784591F9538}.Debug|Any CPU.Build.0 = Debug|Any CPU
		{B28D5338-5C08-4AC8-A8C5-2784591F9538}.Release|Any CPU.ActiveCfg = Release|Any CPU
		{B28D5338-5C08-4AC8-A8C5-2784591F9538}.Release|Any CPU.Build.0 = Release|Any CPU
	EndGlobalSection
	GlobalSection(SolutionProperties) = preSolution
		HideSolutionNode = FALSE
	EndGlobalSection
	GlobalSection(ExtensibilityGlobals) = postSolution
		SolutionGuid = {AB7832FD-60EA-4AF5-BF58-46749715CFB2}
	EndGlobalSection
EndGlobal
